
Microsoft Visual Studio Solution File, Format Version 12.00
# Visual Studio Version 17
VisualStudioVersion = 17.9.34728.123
MinimumVisualStudioVersion = 10.0.40219.1
Project("{9A19103F-16F7-4668-BE54-9A1E7A4F7556}") = "MTKDotNetCore.MvcApp", "MTKDotNetCore.MvcApp\MTKDotNetCore.MvcApp.csproj", "{0DCF8D97-EF7C-4D2F-A58C-E9F06C86ECF2}"
EndProject
Project("{FAE04EC0-301F-11D3-BF4B-00C04F79EFBC}") = "Pratice1.MvcApp", "Pratice1.MvcApp\Pratice1.MvcApp.csproj", "{AD02A551-F212-4F94-A490-C3F5F32A06DB}"
EndProject
Global
	GlobalSection(SolutionConfigurationPlatforms) = preSolution
		Debug|Any CPU = Debug|Any CPU
		Release|Any CPU = Release|Any CPU
	EndGlobalSection
	GlobalSection(ProjectConfigurationPlatforms) = postSolution
		{0DCF8D97-EF7C-4D2F-A58C-E9F06C86ECF2}.Debug|Any CPU.ActiveCfg = Debug|Any CPU
		{0DCF8D97-EF7C-4D2F-A58C-E9F06C86ECF2}.Debug|Any CPU.Build.0 = Debug|Any CPU
		{0DCF8D97-EF7C-4D2F-A58C-E9F06C86ECF2}.Release|Any CPU.ActiveCfg = Release|Any CPU
		{0DCF8D97-EF7C-4D2F-A58C-E9F06C86ECF2}.Release|Any CPU.Build.0 = Release|Any CPU
		{AD02A551-F212-4F94-A490-C3F5F32A06DB}.Debug|Any CPU.ActiveCfg = Debug|Any CPU
		{AD02A551-F212-4F94-A490-C3F5F32A06DB}.Debug|Any CPU.Build.0 = Debug|Any CPU
		{AD02A551-F212-4F94-A490-C3F5F32A06DB}.Release|Any CPU.ActiveCfg = Release|Any CPU
		{AD02A551-F212-4F94-A490-C3F5F32A06DB}.Release|Any CPU.Build.0 = Release|Any CPU
	EndGlobalSection
	GlobalSection(SolutionProperties) = preSolution
		HideSolutionNode = FALSE
	EndGlobalSection
	GlobalSection(ExtensibilityGlobals) = postSolution
		SolutionGuid = {B2D5A72F-D14B-42CC-9D1D-8AB0E8A705FB}
	EndGlobalSection
EndGlobal
